// !$*UTF8*$!
{
	archiveVersion = 1;
	classes = {
	};
	objectVersion = 55;
	objects = {

/* Begin PBXBuildFile section */
		18005ED628A0B45D00845E7D /* FirebaseAuth in Frameworks */ = {isa = PBXBuildFile; productRef = 18005ED528A0B45D00845E7D /* FirebaseAuth */; };
		18005ED928A0B82100845E7D /* GoogleSignIn in Frameworks */ = {isa = PBXBuildFile; productRef = 18005ED828A0B82100845E7D /* GoogleSignIn */; };
		18005EDB28A0B82100845E7D /* GoogleSignInSwift in Frameworks */ = {isa = PBXBuildFile; productRef = 18005EDA28A0B82100845E7D /* GoogleSignInSwift */; };
		18D34F21289FAE5100857554 /* AuthGoogleAppleApp.swift in Sources */ = {isa = PBXBuildFile; fileRef = 18D34F20289FAE5100857554 /* AuthGoogleAppleApp.swift */; };
		18D34F23289FAE5100857554 /* ContentView.swift in Sources */ = {isa = PBXBuildFile; fileRef = 18D34F22289FAE5100857554 /* ContentView.swift */; };
		18D34F25289FAE5700857554 /* Assets.xcassets in Resources */ = {isa = PBXBuildFile; fileRef = 18D34F24289FAE5700857554 /* Assets.xcassets */; };
		18D34F28289FAE5700857554 /* Preview Assets.xcassets in Resources */ = {isa = PBXBuildFile; fileRef = 18D34F27289FAE5700857554 /* Preview Assets.xcassets */; };
		18D34F32289FAE5700857554 /* AuthGoogleAppleTests.swift in Sources */ = {isa = PBXBuildFile; fileRef = 18D34F31289FAE5700857554 /* AuthGoogleAppleTests.swift */; };
		18D34F3C289FAE5700857554 /* AuthGoogleAppleUITests.swift in Sources */ = {isa = PBXBuildFile; fileRef = 18D34F3B289FAE5700857554 /* AuthGoogleAppleUITests.swift */; };
		18D34F3E289FAE5700857554 /* AuthGoogleAppleUITestsLaunchTests.swift in Sources */ = {isa = PBXBuildFile; fileRef = 18D34F3D289FAE5700857554 /* AuthGoogleAppleUITestsLaunchTests.swift */; };
		18D34F4E289FAE9A00857554 /* LoginView.swift in Sources */ = {isa = PBXBuildFile; fileRef = 18D34F4D289FAE9A00857554 /* LoginView.swift */; };
		18D34F51289FB5D800857554 /* SocialMediaView.swift in Sources */ = {isa = PBXBuildFile; fileRef = 18D34F4F289FB5D800857554 /* SocialMediaView.swift */; };
		18D34F52289FB5D800857554 /* CustomTextField.swift in Sources */ = {isa = PBXBuildFile; fileRef = 18D34F50289FB5D800857554 /* CustomTextField.swift */; };
		18D34F54289FBAD300857554 /* SignInViewModel.swift in Sources */ = {isa = PBXBuildFile; fileRef = 18D34F53289FBAD300857554 /* SignInViewModel.swift */; };
		18D34F56289FC04100857554 /* CommonButton.swift in Sources */ = {isa = PBXBuildFile; fileRef = 18D34F55289FC04100857554 /* CommonButton.swift */; };
		18D34F5B289FC99A00857554 /* GoogleService-Info.plist in Resources */ = {isa = PBXBuildFile; fileRef = 18D34F5A289FC99A00857554 /* GoogleService-Info.plist */; };
		18D34F6428A02A8E00857554 /* WelcomeView.swift in Sources */ = {isa = PBXBuildFile; fileRef = 18D34F6328A02A8E00857554 /* WelcomeView.swift */; };
		18D34F6628A02D9D00857554 /* UserDefault+Constant.swift in Sources */ = {isa = PBXBuildFile; fileRef = 18D34F6528A02D9C00857554 /* UserDefault+Constant.swift */; };
/* End PBXBuildFile section */

/* Begin PBXContainerItemProxy section */
		18D34F2E289FAE5700857554 /* PBXContainerItemProxy */ = {
			isa = PBXContainerItemProxy;
			containerPortal = 18D34F15289FAE5100857554 /* Project object */;
			proxyType = 1;
			remoteGlobalIDString = 18D34F1C289FAE5100857554;
			remoteInfo = AuthGoogleApple;
		};
		18D34F38289FAE5700857554 /* PBXContainerItemProxy */ = {
			isa = PBXContainerItemProxy;
			containerPortal = 18D34F15289FAE5100857554 /* Project object */;
			proxyType = 1;
			remoteGlobalIDString = 18D34F1C289FAE5100857554;
			remoteInfo = AuthGoogleApple;
		};
/* End PBXContainerItemProxy section */

/* Begin PBXFileReference section */
		18D34F1D289FAE5100857554 /* AuthGoogleApple.app */ = {isa = PBXFileReference; explicitFileType = wrapper.application; includeInIndex = 0; path = AuthGoogleApple.app; sourceTree = BUILT_PRODUCTS_DIR; };
		18D34F20289FAE5100857554 /* AuthGoogleAppleApp.swift */ = {isa = PBXFileReference; lastKnownFileType = sourcecode.swift; path = AuthGoogleAppleApp.swift; sourceTree = "<group>"; };
		18D34F22289FAE5100857554 /* ContentView.swift */ = {isa = PBXFileReference; lastKnownFileType = sourcecode.swift; path = ContentView.swift; sourceTree = "<group>"; };
		18D34F24289FAE5700857554 /* Assets.xcassets */ = {isa = PBXFileReference; lastKnownFileType = folder.assetcatalog; path = Assets.xcassets; sourceTree = "<group>"; };
		18D34F27289FAE5700857554 /* Preview Assets.xcassets */ = {isa = PBXFileReference; lastKnownFileType = folder.assetcatalog; path = "Preview Assets.xcassets"; sourceTree = "<group>"; };
		18D34F2D289FAE5700857554 /* AuthGoogleAppleTests.xctest */ = {isa = PBXFileReference; explicitFileType = wrapper.cfbundle; includeInIndex = 0; path = AuthGoogleAppleTests.xctest; sourceTree = BUILT_PRODUCTS_DIR; };
		18D34F31289FAE5700857554 /* AuthGoogleAppleTests.swift */ = {isa = PBXFileReference; lastKnownFileType = sourcecode.swift; path = AuthGoogleAppleTests.swift; sourceTree = "<group>"; };
		18D34F37289FAE5700857554 /* AuthGoogleAppleUITests.xctest */ = {isa = PBXFileReference; explicitFileType = wrapper.cfbundle; includeInIndex = 0; path = AuthGoogleAppleUITests.xctest; sourceTree = BUILT_PRODUCTS_DIR; };
		18D34F3B289FAE5700857554 /* AuthGoogleAppleUITests.swift */ = {isa = PBXFileReference; lastKnownFileType = sourcecode.swift; path = AuthGoogleAppleUITests.swift; sourceTree = "<group>"; };
		18D34F3D289FAE5700857554 /* AuthGoogleAppleUITestsLaunchTests.swift */ = {isa = PBXFileReference; lastKnownFileType = sourcecode.swift; path = AuthGoogleAppleUITestsLaunchTests.swift; sourceTree = "<group>"; };
		18D34F4D289FAE9A00857554 /* LoginView.swift */ = {isa = PBXFileReference; lastKnownFileType = sourcecode.swift; path = LoginView.swift; sourceTree = "<group>"; };
		18D34F4F289FB5D800857554 /* SocialMediaView.swift */ = {isa = PBXFileReference; fileEncoding = 4; lastKnownFileType = sourcecode.swift; path = SocialMediaView.swift; sourceTree = "<group>"; };
		18D34F50289FB5D800857554 /* CustomTextField.swift */ = {isa = PBXFileReference; fileEncoding = 4; lastKnownFileType = sourcecode.swift; path = CustomTextField.swift; sourceTree = "<group>"; };
		18D34F53289FBAD300857554 /* SignInViewModel.swift */ = {isa = PBXFileReference; fileEncoding = 4; lastKnownFileType = sourcecode.swift; path = SignInViewModel.swift; sourceTree = "<group>"; };
		18D34F55289FC04100857554 /* CommonButton.swift */ = {isa = PBXFileReference; lastKnownFileType = sourcecode.swift; path = CommonButton.swift; sourceTree = "<group>"; };
		18D34F5A289FC99A00857554 /* GoogleService-Info.plist */ = {isa = PBXFileReference; fileEncoding = 4; lastKnownFileType = text.plist.xml; path = "GoogleService-Info.plist"; sourceTree = "<group>"; };
		18D34F5C289FCC8900857554 /* Info.plist */ = {isa = PBXFileReference; lastKnownFileType = text.plist; path = Info.plist; sourceTree = "<group>"; };
		18D34F6328A02A8E00857554 /* WelcomeView.swift */ = {isa = PBXFileReference; lastKnownFileType = sourcecode.swift; path = WelcomeView.swift; sourceTree = "<group>"; };
		18D34F6528A02D9C00857554 /* UserDefault+Constant.swift */ = {isa = PBXFileReference; lastKnownFileType = sourcecode.swift; path = "UserDefault+Constant.swift"; sourceTree = "<group>"; };
/* End PBXFileReference section */

/* Begin PBXFrameworksBuildPhase section */
		18D34F1A289FAE5100857554 /* Frameworks */ = {
			isa = PBXFrameworksBuildPhase;
			buildActionMask = 2147483647;
			files = (
				18005EDB28A0B82100845E7D /* GoogleSignInSwift in Frameworks */,
				18005ED628A0B45D00845E7D /* FirebaseAuth in Frameworks */,
				18005ED928A0B82100845E7D /* GoogleSignIn in Frameworks */,
			);
			runOnlyForDeploymentPostprocessing = 0;
		};
		18D34F2A289FAE5700857554 /* Frameworks */ = {
			isa = PBXFrameworksBuildPhase;
			buildActionMask = 2147483647;
			files = (
			);
			runOnlyForDeploymentPostprocessing = 0;
		};
		18D34F34289FAE5700857554 /* Frameworks */ = {
			isa = PBXFrameworksBuildPhase;
			buildActionMask = 2147483647;
			files = (
			);
			runOnlyForDeploymentPostprocessing = 0;
		};
/* End PBXFrameworksBuildPhase section */

/* Begin PBXGroup section */
		18D34F14289FAE5100857554 = {
			isa = PBXGroup;
			children = (
				18D34F1F289FAE5100857554 /* AuthGoogleApple */,
				18D34F30289FAE5700857554 /* AuthGoogleAppleTests */,
				18D34F3A289FAE5700857554 /* AuthGoogleAppleUITests */,
				18D34F1E289FAE5100857554 /* Products */,
			);
			sourceTree = "<group>";
		};
		18D34F1E289FAE5100857554 /* Products */ = {
			isa = PBXGroup;
			children = (
				18D34F1D289FAE5100857554 /* AuthGoogleApple.app */,
				18D34F2D289FAE5700857554 /* AuthGoogleAppleTests.xctest */,
				18D34F37289FAE5700857554 /* AuthGoogleAppleUITests.xctest */,
			);
			name = Products;
			sourceTree = "<group>";
		};
		18D34F1F289FAE5100857554 /* AuthGoogleApple */ = {
			isa = PBXGroup;
			children = (
				18D34F5C289FCC8900857554 /* Info.plist */,
				18D34F5A289FC99A00857554 /* GoogleService-Info.plist */,
				18D34F20289FAE5100857554 /* AuthGoogleAppleApp.swift */,
				18D34F4C289FAE7700857554 /* Model */,
				18D34F4B289FAE7200857554 /* View */,
				18D34F4A289FAE6700857554 /* ViewModel */,
				18D34F24289FAE5700857554 /* Assets.xcassets */,
				18D34F26289FAE5700857554 /* Preview Content */,
			);
			path = AuthGoogleApple;
			sourceTree = "<group>";
		};
		18D34F26289FAE5700857554 /* Preview Content */ = {
			isa = PBXGroup;
			children = (
				18D34F27289FAE5700857554 /* Preview Assets.xcassets */,
			);
			path = "Preview Content";
			sourceTree = "<group>";
		};
		18D34F30289FAE5700857554 /* AuthGoogleAppleTests */ = {
			isa = PBXGroup;
			children = (
				18D34F31289FAE5700857554 /* AuthGoogleAppleTests.swift */,
			);
			path = AuthGoogleAppleTests;
			sourceTree = "<group>";
		};
		18D34F3A289FAE5700857554 /* AuthGoogleAppleUITests */ = {
			isa = PBXGroup;
			children = (
				18D34F3B289FAE5700857554 /* AuthGoogleAppleUITests.swift */,
				18D34F3D289FAE5700857554 /* AuthGoogleAppleUITestsLaunchTests.swift */,
			);
			path = AuthGoogleAppleUITests;
			sourceTree = "<group>";
		};
		18D34F4A289FAE6700857554 /* ViewModel */ = {
			isa = PBXGroup;
			children = (
				18D34F53289FBAD300857554 /* SignInViewModel.swift */,
			);
			path = ViewModel;
			sourceTree = "<group>";
		};
		18D34F4B289FAE7200857554 /* View */ = {
			isa = PBXGroup;
			children = (
				18D34F50289FB5D800857554 /* CustomTextField.swift */,
				18D34F4F289FB5D800857554 /* SocialMediaView.swift */,
				18D34F22289FAE5100857554 /* ContentView.swift */,
				18D34F4D289FAE9A00857554 /* LoginView.swift */,
				18D34F55289FC04100857554 /* CommonButton.swift */,
				18D34F6328A02A8E00857554 /* WelcomeView.swift */,
				18D34F6528A02D9C00857554 /* UserDefault+Constant.swift */,
			);
			path = View;
			sourceTree = "<group>";
		};
		18D34F4C289FAE7700857554 /* Model */ = {
			isa = PBXGroup;
			children = (
			);
			path = Model;
			sourceTree = "<group>";
		};
/* End PBXGroup section */

/* Begin PBXNativeTarget section */
		18D34F1C289FAE5100857554 /* AuthGoogleApple */ = {
			isa = PBXNativeTarget;
			buildConfigurationList = 18D34F41289FAE5700857554 /* Build configuration list for PBXNativeTarget "AuthGoogleApple" */;
			buildPhases = (
				18D34F19289FAE5100857554 /* Sources */,
				18D34F1A289FAE5100857554 /* Frameworks */,
				18D34F1B289FAE5100857554 /* Resources */,
			);
			buildRules = (
			);
			dependencies = (
			);
			name = AuthGoogleApple;
			packageProductDependencies = (
				18005ED528A0B45D00845E7D /* FirebaseAuth */,
				18005ED828A0B82100845E7D /* GoogleSignIn */,
				18005EDA28A0B82100845E7D /* GoogleSignInSwift */,
			);
			productName = AuthGoogleApple;
			productReference = 18D34F1D289FAE5100857554 /* AuthGoogleApple.app */;
			productType = "com.apple.product-type.application";
		};
		18D34F2C289FAE5700857554 /* AuthGoogleAppleTests */ = {
			isa = PBXNativeTarget;
			buildConfigurationList = 18D34F44289FAE5700857554 /* Build configuration list for PBXNativeTarget "AuthGoogleAppleTests" */;
			buildPhases = (
				18D34F29289FAE5700857554 /* Sources */,
				18D34F2A289FAE5700857554 /* Frameworks */,
				18D34F2B289FAE5700857554 /* Resources */,
			);
			buildRules = (
			);
			dependencies = (
				18D34F2F289FAE5700857554 /* PBXTargetDependency */,
			);
			name = AuthGoogleAppleTests;
			productName = AuthGoogleAppleTests;
			productReference = 18D34F2D289FAE5700857554 /* AuthGoogleAppleTests.xctest */;
			productType = "com.apple.product-type.bundle.unit-test";
		};
		18D34F36289FAE5700857554 /* AuthGoogleAppleUITests */ = {
			isa = PBXNativeTarget;
			buildConfigurationList = 18D34F47289FAE5700857554 /* Build configuration list for PBXNativeTarget "AuthGoogleAppleUITests" */;
			buildPhases = (
				18D34F33289FAE5700857554 /* Sources */,
				18D34F34289FAE5700857554 /* Frameworks */,
				18D34F35289FAE5700857554 /* Resources */,
			);
			buildRules = (
			);
			dependencies = (
				18D34F39289FAE5700857554 /* PBXTargetDependency */,
			);
			name = AuthGoogleAppleUITests;
			productName = AuthGoogleAppleUITests;
			productReference = 18D34F37289FAE5700857554 /* AuthGoogleAppleUITests.xctest */;
			productType = "com.apple.product-type.bundle.ui-testing";
		};
/* End PBXNativeTarget section */

/* Begin PBXProject section */
		18D34F15289FAE5100857554 /* Project object */ = {
			isa = PBXProject;
			attributes = {
				BuildIndependentTargetsInParallel = 1;
				LastSwiftUpdateCheck = 1340;
				LastUpgradeCheck = 1340;
				TargetAttributes = {
					18D34F1C289FAE5100857554 = {
						CreatedOnToolsVersion = 13.4.1;
					};
					18D34F2C289FAE5700857554 = {
						CreatedOnToolsVersion = 13.4.1;
						TestTargetID = 18D34F1C289FAE5100857554;
					};
					18D34F36289FAE5700857554 = {
						CreatedOnToolsVersion = 13.4.1;
						TestTargetID = 18D34F1C289FAE5100857554;
					};
				};
			};
			buildConfigurationList = 18D34F18289FAE5100857554 /* Build configuration list for PBXProject "AuthGoogleApple" */;
			compatibilityVersion = "Xcode 13.0";
			developmentRegion = en;
			hasScannedForEncodings = 0;
			knownRegions = (
				en,
				Base,
			);
			mainGroup = 18D34F14289FAE5100857554;
			packageReferences = (
				18005ED328A0B39400845E7D /* XCRemoteSwiftPackageReference "GoogleSignIn-iOS" */,
				18005ED428A0B45D00845E7D /* XCRemoteSwiftPackageReference "firebase-ios-sdk" */,
				18005ED728A0B82100845E7D /* XCRemoteSwiftPackageReference "GoogleSignIn-iOS" */,
			);
			productRefGroup = 18D34F1E289FAE5100857554 /* Products */;
			projectDirPath = "";
			projectRoot = "";
			targets = (
				18D34F1C289FAE5100857554 /* AuthGoogleApple */,
				18D34F2C289FAE5700857554 /* AuthGoogleAppleTests */,
				18D34F36289FAE5700857554 /* AuthGoogleAppleUITests */,
			);
		};
/* End PBXProject section */

/* Begin PBXResourcesBuildPhase section */
		18D34F1B289FAE5100857554 /* Resources */ = {
			isa = PBXResourcesBuildPhase;
			buildActionMask = 2147483647;
			files = (
				18D34F28289FAE5700857554 /* Preview Assets.xcassets in Resources */,
				18D34F25289FAE5700857554 /* Assets.xcassets in Resources */,
				18D34F5B289FC99A00857554 /* GoogleService-Info.plist in Resources */,
			);
			runOnlyForDeploymentPostprocessing = 0;
		};
		18D34F2B289FAE5700857554 /* Resources */ = {
			isa = PBXResourcesBuildPhase;
			buildActionMask = 2147483647;
			files = (
			);
			runOnlyForDeploymentPostprocessing = 0;
		};
		18D34F35289FAE5700857554 /* Resources */ = {
			isa = PBXResourcesBuildPhase;
			buildActionMask = 2147483647;
			files = (
			);
			runOnlyForDeploymentPostprocessing = 0;
		};
/* End PBXResourcesBuildPhase section */

/* Begin PBXSourcesBuildPhase section */
		18D34F19289FAE5100857554 /* Sources */ = {
			isa = PBXSourcesBuildPhase;
			buildActionMask = 2147483647;
			files = (
				18D34F56289FC04100857554 /* CommonButton.swift in Sources */,
				18D34F4E289FAE9A00857554 /* LoginView.swift in Sources */,
				18D34F23289FAE5100857554 /* ContentView.swift in Sources */,
				18D34F6428A02A8E00857554 /* WelcomeView.swift in Sources */,
				18D34F54289FBAD300857554 /* SignInViewModel.swift in Sources */,
				18D34F51289FB5D800857554 /* SocialMediaView.swift in Sources */,
				18D34F6628A02D9D00857554 /* UserDefault+Constant.swift in Sources */,
				18D34F21289FAE5100857554 /* AuthGoogleAppleApp.swift in Sources */,
				18D34F52289FB5D800857554 /* CustomTextField.swift in Sources */,
			);
			runOnlyForDeploymentPostprocessing = 0;
		};
		18D34F29289FAE5700857554 /* Sources */ = {
			isa = PBXSourcesBuildPhase;
			buildActionMask = 2147483647;
			files = (
				18D34F32289FAE5700857554 /* AuthGoogleAppleTests.swift in Sources */,
			);
			runOnlyForDeploymentPostprocessing = 0;
		};
		18D34F33289FAE5700857554 /* Sources */ = {
			isa = PBXSourcesBuildPhase;
			buildActionMask = 2147483647;
			files = (
				18D34F3E289FAE5700857554 /* AuthGoogleAppleUITestsLaunchTests.swift in Sources */,
				18D34F3C289FAE5700857554 /* AuthGoogleAppleUITests.swift in Sources */,
			);
			runOnlyForDeploymentPostprocessing = 0;
		};
/* End PBXSourcesBuildPhase section */

/* Begin PBXTargetDependency section */
		18D34F2F289FAE5700857554 /* PBXTargetDependency */ = {
			isa = PBXTargetDependency;
			target = 18D34F1C289FAE5100857554 /* AuthGoogleApple */;
			targetProxy = 18D34F2E289FAE5700857554 /* PBXContainerItemProxy */;
		};
		18D34F39289FAE5700857554 /* PBXTargetDependency */ = {
			isa = PBXTargetDependency;
			target = 18D34F1C289FAE5100857554 /* AuthGoogleApple */;
			targetProxy = 18D34F38289FAE5700857554 /* PBXContainerItemProxy */;
		};
/* End PBXTargetDependency section */

/* Begin XCBuildConfiguration section */
		18D34F3F289FAE5700857554 /* Debug */ = {
			isa = XCBuildConfiguration;
			buildSettings = {
				ALWAYS_SEARCH_USER_PATHS = NO;
				CLANG_ANALYZER_NONNULL = YES;
				CLANG_ANALYZER_NUMBER_OBJECT_CONVERSION = YES_AGGRESSIVE;
				CLANG_CXX_LANGUAGE_STANDARD = "gnu++17";
				CLANG_ENABLE_MODULES = YES;
				CLANG_ENABLE_OBJC_ARC = YES;
				CLANG_ENABLE_OBJC_WEAK = YES;
				CLANG_WARN_BLOCK_CAPTURE_AUTORELEASING = YES;
				CLANG_WARN_BOOL_CONVERSION = YES;
				CLANG_WARN_COMMA = YES;
				CLANG_WARN_CONSTANT_CONVERSION = YES;
				CLANG_WARN_DEPRECATED_OBJC_IMPLEMENTATIONS = YES;
				CLANG_WARN_DIRECT_OBJC_ISA_USAGE = YES_ERROR;
				CLANG_WARN_DOCUMENTATION_COMMENTS = YES;
				CLANG_WARN_EMPTY_BODY = YES;
				CLANG_WARN_ENUM_CONVERSION = YES;
				CLANG_WARN_INFINITE_RECURSION = YES;
				CLANG_WARN_INT_CONVERSION = YES;
				CLANG_WARN_NON_LITERAL_NULL_CONVERSION = YES;
				CLANG_WARN_OBJC_IMPLICIT_RETAIN_SELF = YES;
				CLANG_WARN_OBJC_LITERAL_CONVERSION = YES;
				CLANG_WARN_OBJC_ROOT_CLASS = YES_ERROR;
				CLANG_WARN_QUOTED_INCLUDE_IN_FRAMEWORK_HEADER = YES;
				CLANG_WARN_RANGE_LOOP_ANALYSIS = YES;
				CLANG_WARN_STRICT_PROTOTYPES = YES;
				CLANG_WARN_SUSPICIOUS_MOVE = YES;
				CLANG_WARN_UNGUARDED_AVAILABILITY = YES_AGGRESSIVE;
				CLANG_WARN_UNREACHABLE_CODE = YES;
				CLANG_WARN__DUPLICATE_METHOD_MATCH = YES;
				COPY_PHASE_STRIP = NO;
				DEBUG_INFORMATION_FORMAT = dwarf;
				ENABLE_STRICT_OBJC_MSGSEND = YES;
				ENABLE_TESTABILITY = YES;
				GCC_C_LANGUAGE_STANDARD = gnu11;
				GCC_DYNAMIC_NO_PIC = NO;
				GCC_NO_COMMON_BLOCKS = YES;
				GCC_OPTIMIZATION_LEVEL = 0;
				GCC_PREPROCESSOR_DEFINITIONS = (
					"DEBUG=1",
					"$(inherited)",
				);
				GCC_WARN_64_TO_32_BIT_CONVERSION = YES;
				GCC_WARN_ABOUT_RETURN_TYPE = YES_ERROR;
				GCC_WARN_UNDECLARED_SELECTOR = YES;
				GCC_WARN_UNINITIALIZED_AUTOS = YES_AGGRESSIVE;
				GCC_WARN_UNUSED_FUNCTION = YES;
				GCC_WARN_UNUSED_VARIABLE = YES;
				IPHONEOS_DEPLOYMENT_TARGET = 15.5;
				MTL_ENABLE_DEBUG_INFO = INCLUDE_SOURCE;
				MTL_FAST_MATH = YES;
				ONLY_ACTIVE_ARCH = YES;
				SDKROOT = iphoneos;
				SWIFT_ACTIVE_COMPILATION_CONDITIONS = DEBUG;
				SWIFT_OPTIMIZATION_LEVEL = "-Onone";
			};
			name = Debug;
		};
		18D34F40289FAE5700857554 /* Release */ = {
			isa = XCBuildConfiguration;
			buildSettings = {
				ALWAYS_SEARCH_USER_PATHS = NO;
				CLANG_ANALYZER_NONNULL = YES;
				CLANG_ANALYZER_NUMBER_OBJECT_CONVERSION = YES_AGGRESSIVE;
				CLANG_CXX_LANGUAGE_STANDARD = "gnu++17";
				CLANG_ENABLE_MODULES = YES;
				CLANG_ENABLE_OBJC_ARC = YES;
				CLANG_ENABLE_OBJC_WEAK = YES;
				CLANG_WARN_BLOCK_CAPTURE_AUTORELEASING = YES;
				CLANG_WARN_BOOL_CONVERSION = YES;
				CLANG_WARN_COMMA = YES;
				CLANG_WARN_CONSTANT_CONVERSION = YES;
				CLANG_WARN_DEPRECATED_OBJC_IMPLEMENTATIONS = YES;
				CLANG_WARN_DIRECT_OBJC_ISA_USAGE = YES_ERROR;
				CLANG_WARN_DOCUMENTATION_COMMENTS = YES;
				CLANG_WARN_EMPTY_BODY = YES;
				CLANG_WARN_ENUM_CONVERSION = YES;
				CLANG_WARN_INFINITE_RECURSION = YES;
				CLANG_WARN_INT_CONVERSION = YES;
				CLANG_WARN_NON_LITERAL_NULL_CONVERSION = YES;
				CLANG_WARN_OBJC_IMPLICIT_RETAIN_SELF = YES;
				CLANG_WARN_OBJC_LITERAL_CONVERSION = YES;
				CLANG_WARN_OBJC_ROOT_CLASS = YES_ERROR;
				CLANG_WARN_QUOTED_INCLUDE_IN_FRAMEWORK_HEADER = YES;
				CLANG_WARN_RANGE_LOOP_ANALYSIS = YES;
				CLANG_WARN_STRICT_PROTOTYPES = YES;
				CLANG_WARN_SUSPICIOUS_MOVE = YES;
				CLANG_WARN_UNGUARDED_AVAILABILITY = YES_AGGRESSIVE;
				CLANG_WARN_UNREACHABLE_CODE = YES;
				CLANG_WARN__DUPLICATE_METHOD_MATCH = YES;
				COPY_PHASE_STRIP = NO;
				DEBUG_INFORMATION_FORMAT = "dwarf-with-dsym";
				ENABLE_NS_ASSERTIONS = NO;
				ENABLE_STRICT_OBJC_MSGSEND = YES;
				GCC_C_LANGUAGE_STANDARD = gnu11;
				GCC_NO_COMMON_BLOCKS = YES;
				GCC_WARN_64_TO_32_BIT_CONVERSION = YES;
				GCC_WARN_ABOUT_RETURN_TYPE = YES_ERROR;
				GCC_WARN_UNDECLARED_SELECTOR = YES;
				GCC_WARN_UNINITIALIZED_AUTOS = YES_AGGRESSIVE;
				GCC_WARN_UNUSED_FUNCTION = YES;
				GCC_WARN_UNUSED_VARIABLE = YES;
				IPHONEOS_DEPLOYMENT_TARGET = 15.5;
				MTL_ENABLE_DEBUG_INFO = NO;
				MTL_FAST_MATH = YES;
				SDKROOT = iphoneos;
				SWIFT_COMPILATION_MODE = wholemodule;
				SWIFT_OPTIMIZATION_LEVEL = "-O";
				VALIDATE_PRODUCT = YES;
			};
			name = Release;
		};
		18D34F42289FAE5700857554 /* Debug */ = {
			isa = XCBuildConfiguration;
			buildSettings = {
				ASSETCATALOG_COMPILER_APPICON_NAME = AppIcon;
				ASSETCATALOG_COMPILER_GLOBAL_ACCENT_COLOR_NAME = AccentColor;
				CODE_SIGN_STYLE = Automatic;
				CURRENT_PROJECT_VERSION = 1;
				DEVELOPMENT_ASSET_PATHS = "\"AuthGoogleApple/Preview Content\"";
				ENABLE_PREVIEWS = YES;
				GENERATE_INFOPLIST_FILE = YES;
				INFOPLIST_FILE = AuthGoogleApple/Info.plist;
				INFOPLIST_KEY_UIApplicationSceneManifest_Generation = YES;
				INFOPLIST_KEY_UIApplicationSupportsIndirectInputEvents = YES;
				INFOPLIST_KEY_UILaunchScreen_Generation = YES;
				INFOPLIST_KEY_UISupportedInterfaceOrientations_iPad = "UIInterfaceOrientationPortrait UIInterfaceOrientationPortraitUpsideDown UIInterfaceOrientationLandscapeLeft UIInterfaceOrientationLandscapeRight";
				INFOPLIST_KEY_UISupportedInterfaceOrientations_iPhone = "UIInterfaceOrientationPortrait UIInterfaceOrientationLandscapeLeft UIInterfaceOrientationLandscapeRight";
				LD_RUNPATH_SEARCH_PATHS = (
					"$(inherited)",
					"@executable_path/Frameworks",
				);
				MARKETING_VERSION = 1.0;
				PRODUCT_BUNDLE_IDENTIFIER = com.AuthGoogleApple;
				PRODUCT_NAME = "$(TARGET_NAME)";
				SWIFT_EMIT_LOC_STRINGS = YES;
				SWIFT_VERSION = 5.0;
				TARGETED_DEVICE_FAMILY = "1,2";
			};
			name = Debug;
		};
		18D34F43289FAE5700857554 /* Release */ = {
			isa = XCBuildConfiguration;
			buildSettings = {
				ASSETCATALOG_COMPILER_APPICON_NAME = AppIcon;
				ASSETCATALOG_COMPILER_GLOBAL_ACCENT_COLOR_NAME = AccentColor;
				CODE_SIGN_STYLE = Automatic;
				CURRENT_PROJECT_VERSION = 1;
				DEVELOPMENT_ASSET_PATHS = "\"AuthGoogleApple/Preview Content\"";
				ENABLE_PREVIEWS = YES;
				GENERATE_INFOPLIST_FILE = YES;
				INFOPLIST_FILE = AuthGoogleApple/Info.plist;
				INFOPLIST_KEY_UIApplicationSceneManifest_Generation = YES;
				INFOPLIST_KEY_UIApplicationSupportsIndirectInputEvents = YES;
				INFOPLIST_KEY_UILaunchScreen_Generation = YES;
				INFOPLIST_KEY_UISupportedInterfaceOrientations_iPad = "UIInterfaceOrientationPortrait UIInterfaceOrientationPortraitUpsideDown UIInterfaceOrientationLandscapeLeft UIInterfaceOrientationLandscapeRight";
				INFOPLIST_KEY_UISupportedInterfaceOrientations_iPhone = "UIInterfaceOrientationPortrait UIInterfaceOrientationLandscapeLeft UIInterfaceOrientationLandscapeRight";
				LD_RUNPATH_SEARCH_PATHS = (
					"$(inherited)",
					"@executable_path/Frameworks",
				);
				MARKETING_VERSION = 1.0;
				PRODUCT_BUNDLE_IDENTIFIER = com.AuthGoogleApple;
				PRODUCT_NAME = "$(TARGET_NAME)";
				SWIFT_EMIT_LOC_STRINGS = YES;
				SWIFT_VERSION = 5.0;
				TARGETED_DEVICE_FAMILY = "1,2";
			};
			name = Release;
		};
		18D34F45289FAE5700857554 /* Debug */ = {
			isa = XCBuildConfiguration;
			buildSettings = {
				ALWAYS_EMBED_SWIFT_STANDARD_LIBRARIES = YES;
				BUNDLE_LOADER = "$(TEST_HOST)";
				CODE_SIGN_STYLE = Automatic;
				CURRENT_PROJECT_VERSION = 1;
				GENERATE_INFOPLIST_FILE = YES;
				IPHONEOS_DEPLOYMENT_TARGET = 15.5;
				MARKETING_VERSION = 1.0;
				PRODUCT_BUNDLE_IDENTIFIER = com.AuthGoogleAppleTests;
				PRODUCT_NAME = "$(TARGET_NAME)";
				SWIFT_EMIT_LOC_STRINGS = NO;
				SWIFT_VERSION = 5.0;
				TARGETED_DEVICE_FAMILY = "1,2";
				TEST_HOST = "$(BUILT_PRODUCTS_DIR)/AuthGoogleApple.app/AuthGoogleApple";
			};
			name = Debug;
		};
		18D34F46289FAE5700857554 /* Release */ = {
			isa = XCBuildConfiguration;
			buildSettings = {
				ALWAYS_EMBED_SWIFT_STANDARD_LIBRARIES = YES;
				BUNDLE_LOADER = "$(TEST_HOST)";
				CODE_SIGN_STYLE = Automatic;
				CURRENT_PROJECT_VERSION = 1;
				GENERATE_INFOPLIST_FILE = YES;
				IPHONEOS_DEPLOYMENT_TARGET = 15.5;
				MARKETING_VERSION = 1.0;
				PRODUCT_BUNDLE_IDENTIFIER = com.AuthGoogleAppleTests;
				PRODUCT_NAME = "$(TARGET_NAME)";
				SWIFT_EMIT_LOC_STRINGS = NO;
				SWIFT_VERSION = 5.0;
				TARGETED_DEVICE_FAMILY = "1,2";
				TEST_HOST = "$(BUILT_PRODUCTS_DIR)/AuthGoogleApple.app/AuthGoogleApple";
			};
			name = Release;
		};
		18D34F48289FAE5700857554 /* Debug */ = {
			isa = XCBuildConfiguration;
			buildSettings = {
				ALWAYS_EMBED_SWIFT_STANDARD_LIBRARIES = YES;
				CODE_SIGN_STYLE = Automatic;
				CURRENT_PROJECT_VERSION = 1;
				GENERATE_INFOPLIST_FILE = YES;
				MARKETING_VERSION = 1.0;
				PRODUCT_BUNDLE_IDENTIFIER = com.AuthGoogleAppleUITests;
				PRODUCT_NAME = "$(TARGET_NAME)";
				SWIFT_EMIT_LOC_STRINGS = NO;
				SWIFT_VERSION = 5.0;
				TARGETED_DEVICE_FAMILY = "1,2";
				TEST_TARGET_NAME = AuthGoogleApple;
			};
			name = Debug;
		};
		18D34F49289FAE5700857554 /* Release */ = {
			isa = XCBuildConfiguration;
			buildSettings = {
				ALWAYS_EMBED_SWIFT_STANDARD_LIBRARIES = YES;
				CODE_SIGN_STYLE = Automatic;
				CURRENT_PROJECT_VERSION = 1;
				GENERATE_INFOPLIST_FILE = YES;
				MARKETING_VERSION = 1.0;
				PRODUCT_BUNDLE_IDENTIFIER = com.AuthGoogleAppleUITests;
				PRODUCT_NAME = "$(TARGET_NAME)";
				SWIFT_EMIT_LOC_STRINGS = NO;
				SWIFT_VERSION = 5.0;
				TARGETED_DEVICE_FAMILY = "1,2";
				TEST_TARGET_NAME = AuthGoogleApple;
			};
			name = Release;
		};
/* End XCBuildConfiguration section */

/* Begin XCConfigurationList section */
		18D34F18289FAE5100857554 /* Build configuration list for PBXProject "AuthGoogleApple" */ = {
			isa = XCConfigurationList;
			buildConfigurations = (
				18D34F3F289FAE5700857554 /* Debug */,
				18D34F40289FAE5700857554 /* Release */,
			);
			defaultConfigurationIsVisible = 0;
			defaultConfigurationName = Release;
		};
		18D34F41289FAE5700857554 /* Build configuration list for PBXNativeTarget "AuthGoogleApple" */ = {
			isa = XCConfigurationList;
			buildConfigurations = (
				18D34F42289FAE5700857554 /* Debug */,
				18D34F43289FAE5700857554 /* Release */,
			);
			defaultConfigurationIsVisible = 0;
			defaultConfigurationName = Release;
		};
		18D34F44289FAE5700857554 /* Build configuration list for PBXNativeTarget "AuthGoogleAppleTests" */ = {
			isa = XCConfigurationList;
			buildConfigurations = (
				18D34F45289FAE5700857554 /* Debug */,
				18D34F46289FAE5700857554 /* Release */,
			);
			defaultConfigurationIsVisible = 0;
			defaultConfigurationName = Release;
		};
		18D34F47289FAE5700857554 /* Build configuration list for PBXNativeTarget "AuthGoogleAppleUITests" */ = {
			isa = XCConfigurationList;
			buildConfigurations = (
				18D34F48289FAE5700857554 /* Debug */,
				18D34F49289FAE5700857554 /* Release */,
			);
			defaultConfigurationIsVisible = 0;
			defaultConfigurationName = Release;
		};
/* End XCConfigurationList section */

/* Begin XCRemoteSwiftPackageReference section */
		18005ED328A0B39400845E7D /* XCRemoteSwiftPackageReference "GoogleSignIn-iOS" */ = {
			isa = XCRemoteSwiftPackageReference;
			repositoryURL = "https://github.com/google/GoogleSignIn-iOS";
			requirement = {
				kind = upToNextMajorVersion;
				minimumVersion = 6.0.0;
			};
		};
		18005ED428A0B45D00845E7D /* XCRemoteSwiftPackageReference "firebase-ios-sdk" */ = {
			isa = XCRemoteSwiftPackageReference;
			repositoryURL = "https://github.com/firebase/firebase-ios-sdk.git";
			requirement = {
				kind = upToNextMajorVersion;
				minimumVersion = 9.0.0;
			};
		};
		18005ED728A0B82100845E7D /* XCRemoteSwiftPackageReference "GoogleSignIn-iOS" */ = {
			isa = XCRemoteSwiftPackageReference;
			repositoryURL = "https://github.com/google/GoogleSignIn-iOS";
			requirement = {
				branch = main;
				kind = branch;
			};
		};
/* End XCRemoteSwiftPackageReference section */

/* Begin XCSwiftPackageProductDependency section */
		18005ED528A0B45D00845E7D /* FirebaseAuth */ = {
			isa = XCSwiftPackageProductDependency;
			package = 18005ED428A0B45D00845E7D /* XCRemoteSwiftPackageReference "firebase-ios-sdk" */;
			productName = FirebaseAuth;
		};
		18005ED828A0B82100845E7D /* GoogleSignIn */ = {
			isa = XCSwiftPackageProductDependency;
			package = 18005ED728A0B82100845E7D /* XCRemoteSwiftPackageReference "GoogleSignIn-iOS" */;
			productName = GoogleSignIn;
		};
		18005EDA28A0B82100845E7D /* GoogleSignInSwift */ = {
			isa = XCSwiftPackageProductDependency;
			package = 18005ED728A0B82100845E7D /* XCRemoteSwiftPackageReference "GoogleSignIn-iOS" */;
			productName = GoogleSignInSwift;
		};
/* End XCSwiftPackageProductDependency section */
	};
	rootObject = 18D34F15289FAE5100857554 /* Project object */;
}
